
Microsoft Visual Studio Solution File, Format Version 12.00
# Visual Studio Version 16
VisualStudioVersion = 16.0.29424.173
MinimumVisualStudioVersion = 10.0.40219.1
Project("{9A19103F-16F7-4668-BE54-9A1E7A4F7556}") = "localization", "localization\localization.csproj", "{FB3507F2-1730-4214-BA7C-D5FBB5CC66C8}"
EndProject
Project("{9A19103F-16F7-4668-BE54-9A1E7A4F7556}") = "localization.tests", "localization.tests\localization.tests.csproj", "{621D4105-5A3F-4824-9A37-4D6479077BC1}"
EndProject
Global
	GlobalSection(SolutionConfigurationPlatforms) = preSolution
		Debug|Any CPU = Debug|Any CPU
		Release|Any CPU = Release|Any CPU
	EndGlobalSection
	GlobalSection(ProjectConfigurationPlatforms) = postSolution
		{FB3507F2-1730-4214-BA7C-D5FBB5CC66C8}.Debug|Any CPU.ActiveCfg = Debug|Any CPU
		{FB3507F2-1730-4214-BA7C-D5FBB5CC66C8}.Debug|Any CPU.Build.0 = Debug|Any CPU
		{FB3507F2-1730-4214-BA7C-D5FBB5CC66C8}.Release|Any CPU.ActiveCfg = Release|Any CPU
		{FB3507F2-1730-4214-BA7C-D5FBB5CC66C8}.Release|Any CPU.Build.0 = Release|Any CPU
		{621D4105-5A3F-4824-9A37-4D6479077BC1}.Debug|Any CPU.ActiveCfg = Debug|Any CPU
		{621D4105-5A3F-4824-9A37-4D6479077BC1}.Debug|Any CPU.Build.0 = Debug|Any CPU
		{621D4105-5A3F-4824-9A37-4D6479077BC1}.Release|Any CPU.ActiveCfg = Release|Any CPU
		{621D4105-5A3F-4824-9A37-4D6479077BC1}.Release|Any CPU.Build.0 = Release|Any CPU
	EndGlobalSection
	GlobalSection(SolutionProperties) = preSolution
		HideSolutionNode = FALSE
	EndGlobalSection
	GlobalSection(ExtensibilityGlobals) = postSolution
		SolutionGuid = {328F0FC7-8754-476D-BECB-170D524AAD0D}
	EndGlobalSection
EndGlobal
